
Microsoft Visual Studio Solution File, Format Version 12.00
# Visual Studio Version 17
VisualStudioVersion = 17.8.34316.72
MinimumVisualStudioVersion = 10.0.40219.1
Project("{FAE04EC0-301F-11D3-BF4B-00C04F79EFBC}") = "FUUAST.AMS", "FUUAST.AMS\FUUAST.AMS.csproj", "{22C2FB39-F91D-46B8-9D2A-DCDBC89AC335}"
EndProject
Project("{FAE04EC0-301F-11D3-BF4B-00C04F79EFBC}") = "FUUAST.AMS.DOMAIN", "FUUAST.AMS.DOMAIN\FUUAST.AMS.DOMAIN.csproj", "{EA5558AD-21CB-4267-A711-819AA15BA5D0}"
EndProject
Project("{FAE04EC0-301F-11D3-BF4B-00C04F79EFBC}") = "FUUAST.AMS.DATA", "FUUAST.AMS.DATA\FUUAST.AMS.DATA.csproj", "{83F2C5C5-23B4-41B0-88D6-C8F5785EE094}"
EndProject
Project("{FAE04EC0-301F-11D3-BF4B-00C04F79EFBC}") = "FUUAST.AMS.SERVICES", "FUUAST.AMS.SERVICES\FUUAST.AMS.SERVICES.csproj", "{AB5F4BFC-E4FC-4F4C-8FC0-D32A8EA2179B}"
EndProject
Project("{FAE04EC0-301F-11D3-BF4B-00C04F79EFBC}") = "FUUAST.AMS.SHARED", "FUUAST.AMS.SHARED\FUUAST.AMS.SHARED.csproj", "{2FA281B4-96DD-4CD6-A154-9C47E33AFDCD}"
EndProject
Project("{FAE04EC0-301F-11D3-BF4B-00C04F79EFBC}") = "FUUAST.AMS.MODELS", "FUUAST.AMS.DTOS\FUUAST.AMS.MODELS.csproj", "{B285EFDF-AFA8-4C82-9701-CAF835243DF1}"
EndProject
Global
	GlobalSection(SolutionConfigurationPlatforms) = preSolution
		Debug|Any CPU = Debug|Any CPU
		Release|Any CPU = Release|Any CPU
	EndGlobalSection
	GlobalSection(ProjectConfigurationPlatforms) = postSolution
		{22C2FB39-F91D-46B8-9D2A-DCDBC89AC335}.Debug|Any CPU.ActiveCfg = Debug|Any CPU
		{22C2FB39-F91D-46B8-9D2A-DCDBC89AC335}.Debug|Any CPU.Build.0 = Debug|Any CPU
		{22C2FB39-F91D-46B8-9D2A-DCDBC89AC335}.Release|Any CPU.ActiveCfg = Release|Any CPU
		{22C2FB39-F91D-46B8-9D2A-DCDBC89AC335}.Release|Any CPU.Build.0 = Release|Any CPU
		{EA5558AD-21CB-4267-A711-819AA15BA5D0}.Debug|Any CPU.ActiveCfg = Debug|Any CPU
		{EA5558AD-21CB-4267-A711-819AA15BA5D0}.Debug|Any CPU.Build.0 = Debug|Any CPU
		{EA5558AD-21CB-4267-A711-819AA15BA5D0}.Release|Any CPU.ActiveCfg = Release|Any CPU
		{EA5558AD-21CB-4267-A711-819AA15BA5D0}.Release|Any CPU.Build.0 = Release|Any CPU
		{83F2C5C5-23B4-41B0-88D6-C8F5785EE094}.Debug|Any CPU.ActiveCfg = Debug|Any CPU
		{83F2C5C5-23B4-41B0-88D6-C8F5785EE094}.Debug|Any CPU.Build.0 = Debug|Any CPU
		{83F2C5C5-23B4-41B0-88D6-C8F5785EE094}.Release|Any CPU.ActiveCfg = Release|Any CPU
		{83F2C5C5-23B4-41B0-88D6-C8F5785EE094}.Release|Any CPU.Build.0 = Release|Any CPU
		{AB5F4BFC-E4FC-4F4C-8FC0-D32A8EA2179B}.Debug|Any CPU.ActiveCfg = Debug|Any CPU
		{AB5F4BFC-E4FC-4F4C-8FC0-D32A8EA2179B}.Debug|Any CPU.Build.0 = Debug|Any CPU
		{AB5F4BFC-E4FC-4F4C-8FC0-D32A8EA2179B}.Release|Any CPU.ActiveCfg = Release|Any CPU
		{AB5F4BFC-E4FC-4F4C-8FC0-D32A8EA2179B}.Release|Any CPU.Build.0 = Release|Any CPU
		{2FA281B4-96DD-4CD6-A154-9C47E33AFDCD}.Debug|Any CPU.ActiveCfg = Debug|Any CPU
		{2FA281B4-96DD-4CD6-A154-9C47E33AFDCD}.Debug|Any CPU.Build.0 = Debug|Any CPU
		{2FA281B4-96DD-4CD6-A154-9C47E33AFDCD}.Release|Any CPU.ActiveCfg = Release|Any CPU
		{2FA281B4-96DD-4CD6-A154-9C47E33AFDCD}.Release|Any CPU.Build.0 = Release|Any CPU
		{B285EFDF-AFA8-4C82-9701-CAF835243DF1}.Debug|Any CPU.ActiveCfg = Debug|Any CPU
		{B285EFDF-AFA8-4C82-9701-CAF835243DF1}.Debug|Any CPU.Build.0 = Debug|Any CPU
		{B285EFDF-AFA8-4C82-9701-CAF835243DF1}.Release|Any CPU.ActiveCfg = Release|Any CPU
		{B285EFDF-AFA8-4C82-9701-CAF835243DF1}.Release|Any CPU.Build.0 = Release|Any CPU
	EndGlobalSection
	GlobalSection(SolutionProperties) = preSolution
		HideSolutionNode = FALSE
	EndGlobalSection
	GlobalSection(ExtensibilityGlobals) = postSolution
		SolutionGuid = {50758A23-1C8F-4BB2-B352-D348ED739E83}
	EndGlobalSection
EndGlobal
